
Microsoft Visual Studio Solution File, Format Version 12.00
# Visual Studio Version 17
VisualStudioVersion = 17.0.31903.59
MinimumVisualStudioVersion = 10.0.40219.1
Project("{2150E333-8FDC-42A3-9474-1A3956D46DE8}") = "src", "src", "{4F3DDB07-3DFA-42B5-A09A-3B6A6B42BB0A}"
EndProject
Project("{FAE04EC0-301F-11D3-BF4B-00C04F79EFBC}") = "SonarDemo.MVC", "src\SonarDemo.MVC\SonarDemo.MVC.csproj", "{8D54E723-4C6C-4C02-8BBD-E098EDA79D33}"
EndProject
Project("{FAE04EC0-301F-11D3-BF4B-00C04F79EFBC}") = "SonarDemo.Tests", "src\SonarDemo.Tests\SonarDemo.Tests.csproj", "{971AB3E6-AA69-4F79-836E-BB8DEDE56523}"
EndProject
Global
	GlobalSection(SolutionConfigurationPlatforms) = preSolution
		Debug|Any CPU = Debug|Any CPU
		Release|Any CPU = Release|Any CPU
	EndGlobalSection
	GlobalSection(SolutionProperties) = preSolution
		HideSolutionNode = FALSE
	EndGlobalSection
	GlobalSection(ProjectConfigurationPlatforms) = postSolution
		{8D54E723-4C6C-4C02-8BBD-E098EDA79D33}.Debug|Any CPU.ActiveCfg = Debug|Any CPU
		{8D54E723-4C6C-4C02-8BBD-E098EDA79D33}.Debug|Any CPU.Build.0 = Debug|Any CPU
		{8D54E723-4C6C-4C02-8BBD-E098EDA79D33}.Release|Any CPU.ActiveCfg = Release|Any CPU
		{8D54E723-4C6C-4C02-8BBD-E098EDA79D33}.Release|Any CPU.Build.0 = Release|Any CPU
		{971AB3E6-AA69-4F79-836E-BB8DEDE56523}.Debug|Any CPU.ActiveCfg = Debug|Any CPU
		{971AB3E6-AA69-4F79-836E-BB8DEDE56523}.Debug|Any CPU.Build.0 = Debug|Any CPU
		{971AB3E6-AA69-4F79-836E-BB8DEDE56523}.Release|Any CPU.ActiveCfg = Release|Any CPU
		{971AB3E6-AA69-4F79-836E-BB8DEDE56523}.Release|Any CPU.Build.0 = Release|Any CPU
	EndGlobalSection
	GlobalSection(NestedProjects) = preSolution
		{8D54E723-4C6C-4C02-8BBD-E098EDA79D33} = {4F3DDB07-3DFA-42B5-A09A-3B6A6B42BB0A}
		{971AB3E6-AA69-4F79-836E-BB8DEDE56523} = {4F3DDB07-3DFA-42B5-A09A-3B6A6B42BB0A}
	EndGlobalSection
EndGlobal
